// !$*UTF8*$!
{
	archiveVersion = 1;
	classes = {
	};
	objectVersion = 46;
	objects = {

/* Begin PBXBuildFile section */
		872BF56D1EC192F300C32658 /* RssTableViewCell.swift in Sources */ = {isa = PBXBuildFile; fileRef = 872BF56C1EC192F300C32658 /* RssTableViewCell.swift */; };
		878359B51EC18A1800E84A3F /* RssTableViewController.swift in Sources */ = {isa = PBXBuildFile; fileRef = 878359B41EC18A1800E84A3F /* RssTableViewController.swift */; };
		878359B71EC18A4C00E84A3F /* RssItemViewController.swift in Sources */ = {isa = PBXBuildFile; fileRef = 878359B61EC18A4C00E84A3F /* RssItemViewController.swift */; };
		878359B91EC18A5800E84A3F /* RssItem.swift in Sources */ = {isa = PBXBuildFile; fileRef = 878359B81EC18A5800E84A3F /* RssItem.swift */; };
		87D788A61EC170C900D46674 /* AppDelegate.swift in Sources */ = {isa = PBXBuildFile; fileRef = 87D788A51EC170C900D46674 /* AppDelegate.swift */; };
		87D788AB1EC170C900D46674 /* Main.storyboard in Resources */ = {isa = PBXBuildFile; fileRef = 87D788A91EC170C900D46674 /* Main.storyboard */; };
		87D788AD1EC170C900D46674 /* Assets.xcassets in Resources */ = {isa = PBXBuildFile; fileRef = 87D788AC1EC170C900D46674 /* Assets.xcassets */; };
		87D788B01EC170C900D46674 /* LaunchScreen.storyboard in Resources */ = {isa = PBXBuildFile; fileRef = 87D788AE1EC170C900D46674 /* LaunchScreen.storyboard */; };
/* End PBXBuildFile section */

/* Begin PBXFileReference section */
		872BF56C1EC192F300C32658 /* RssTableViewCell.swift */ = {isa = PBXFileReference; fileEncoding = 4; lastKnownFileType = sourcecode.swift; path = RssTableViewCell.swift; sourceTree = "<group>"; };
		878359B41EC18A1800E84A3F /* RssTableViewController.swift */ = {isa = PBXFileReference; fileEncoding = 4; lastKnownFileType = sourcecode.swift; path = RssTableViewController.swift; sourceTree = "<group>"; };
		878359B61EC18A4C00E84A3F /* RssItemViewController.swift */ = {isa = PBXFileReference; fileEncoding = 4; lastKnownFileType = sourcecode.swift; path = RssItemViewController.swift; sourceTree = "<group>"; };
		878359B81EC18A5800E84A3F /* RssItem.swift */ = {isa = PBXFileReference; fileEncoding = 4; lastKnownFileType = sourcecode.swift; path = RssItem.swift; sourceTree = "<group>"; };
		87D788A21EC170C900D46674 /* AppleRssViewer.app */ = {isa = PBXFileReference; explicitFileType = wrapper.application; includeInIndex = 0; path = AppleRssViewer.app; sourceTree = BUILT_PRODUCTS_DIR; };
		87D788A51EC170C900D46674 /* AppDelegate.swift */ = {isa = PBXFileReference; lastKnownFileType = sourcecode.swift; path = AppDelegate.swift; sourceTree = "<group>"; };
		87D788AA1EC170C900D46674 /* Base */ = {isa = PBXFileReference; lastKnownFileType = file.storyboard; name = Base; path = Base.lproj/Main.storyboard; sourceTree = "<group>"; };
		87D788AC1EC170C900D46674 /* Assets.xcassets */ = {isa = PBXFileReference; lastKnownFileType = folder.assetcatalog; path = Assets.xcassets; sourceTree = "<group>"; };
		87D788AF1EC170C900D46674 /* Base */ = {isa = PBXFileReference; lastKnownFileType = file.storyboard; name = Base; path = Base.lproj/LaunchScreen.storyboard; sourceTree = "<group>"; };
		87D788B11EC170C900D46674 /* Info.plist */ = {isa = PBXFileReference; lastKnownFileType = text.plist.xml; path = Info.plist; sourceTree = "<group>"; };
/* End PBXFileReference section */

/* Begin PBXFrameworksBuildPhase section */
		87D7889F1EC170C900D46674 /* Frameworks */ = {
			isa = PBXFrameworksBuildPhase;
			buildActionMask = 2147483647;
			files = (
			);
			runOnlyForDeploymentPostprocessing = 0;
		};
/* End PBXFrameworksBuildPhase section */

/* Begin PBXGroup section */
		87D788991EC170C900D46674 = {
			isa = PBXGroup;
			children = (
				87D788A41EC170C900D46674 /* AppleRssViewer */,
				87D788A31EC170C900D46674 /* Products */,
			);
			sourceTree = "<group>";
		};
		87D788A31EC170C900D46674 /* Products */ = {
			isa = PBXGroup;
			children = (
				87D788A21EC170C900D46674 /* AppleRssViewer.app */,
			);
			name = Products;
			sourceTree = "<group>";
		};
		87D788A41EC170C900D46674 /* AppleRssViewer */ = {
			isa = PBXGroup;
			children = (
				87D788A51EC170C900D46674 /* AppDelegate.swift */,
				878359B81EC18A5800E84A3F /* RssItem.swift */,
				878359B41EC18A1800E84A3F /* RssTableViewController.swift */,
				878359B61EC18A4C00E84A3F /* RssItemViewController.swift */,
				872BF56C1EC192F300C32658 /* RssTableViewCell.swift */,
				87D788A91EC170C900D46674 /* Main.storyboard */,
				87D788AC1EC170C900D46674 /* Assets.xcassets */,
				87D788AE1EC170C900D46674 /* LaunchScreen.storyboard */,
				87D788B11EC170C900D46674 /* Info.plist */,
			);
			path = AppleRssViewer;
			sourceTree = "<group>";
		};
/* End PBXGroup section */

/* Begin PBXNativeTarget section */
		87D788A11EC170C900D46674 /* AppleRssViewer */ = {
			isa = PBXNativeTarget;
			buildConfigurationList = 87D788B41EC170C900D46674 /* Build configuration list for PBXNativeTarget "AppleRssViewer" */;
			buildPhases = (
				87D7889E1EC170C900D46674 /* Sources */,
				87D7889F1EC170C900D46674 /* Frameworks */,
				87D788A01EC170C900D46674 /* Resources */,
			);
			buildRules = (
			);
			dependencies = (
			);
			name = AppleRssViewer;
			productName = AppleRssViewer;
			productReference = 87D788A21EC170C900D46674 /* AppleRssViewer.app */;
			productType = "com.apple.product-type.application";
		};
/* End PBXNativeTarget section */

/* Begin PBXProject section */
		87D7889A1EC170C900D46674 /* Project object */ = {
			isa = PBXProject;
			attributes = {
				LastSwiftUpdateCheck = 0830;
				LastUpgradeCheck = 0830;
				ORGANIZATIONNAME = "Ivan Yurchenko";
				TargetAttributes = {
					87D788A11EC170C900D46674 = {
						CreatedOnToolsVersion = 8.3.2;
						DevelopmentTeam = H35E6P5Z94;
						ProvisioningStyle = Automatic;
					};
				};
			};
			buildConfigurationList = 87D7889D1EC170C900D46674 /* Build configuration list for PBXProject "AppleRssViewer" */;
			compatibilityVersion = "Xcode 3.2";
			developmentRegion = English;
			hasScannedForEncodings = 0;
			knownRegions = (
				en,
				Base,
			);
			mainGroup = 87D788991EC170C900D46674;
			productRefGroup = 87D788A31EC170C900D46674 /* Products */;
			projectDirPath = "";
			projectRoot = "";
			targets = (
				87D788A11EC170C900D46674 /* AppleRssViewer */,
			);
		};
/* End PBXProject section */

/* Begin PBXResourcesBuildPhase section */
		87D788A01EC170C900D46674 /* Resources */ = {
			isa = PBXResourcesBuildPhase;
			buildActionMask = 2147483647;
			files = (
				87D788B01EC170C900D46674 /* LaunchScreen.storyboard in Resources */,
				87D788AD1EC170C900D46674 /* Assets.xcassets in Resources */,
				87D788AB1EC170C900D46674 /* Main.storyboard in Resources */,
			);
			runOnlyForDeploymentPostprocessing = 0;
		};
/* End PBXResourcesBuildPhase section */

/* Begin PBXSourcesBuildPhase section */
		87D7889E1EC170C900D46674 /* Sources */ = {
			isa = PBXSourcesBuildPhase;
			buildActionMask = 2147483647;
			files = (
				878359B71EC18A4C00E84A3F /* RssItemViewController.swift in Sources */,
				878359B51EC18A1800E84A3F /* RssTableViewController.swift in Sources */,
				872BF56D1EC192F300C32658 /* RssTableViewCell.swift in Sources */,
				87D788A61EC170C900D46674 /* AppDelegate.swift in Sources */,
				878359B91EC18A5800E84A3F /* RssItem.swift in Sources */,
			);
			runOnlyForDeploymentPostprocessing = 0;
		};
/* End PBXSourcesBuildPhase section */

/* Begin PBXVariantGroup section */
		87D788A91EC170C900D46674 /* Main.storyboard */ = {
			isa = PBXVariantGroup;
			children = (
				87D788AA1EC170C900D46674 /* Base */,
			);
			name = Main.storyboard;
			sourceTree = "<group>";
		};
		87D788AE1EC170C900D46674 /* LaunchScreen.storyboard */ = {
			isa = PBXVariantGroup;
			children = (
				87D788AF1EC170C900D46674 /* Base */,
			);
			name = LaunchScreen.storyboard;
			sourceTree = "<group>";
		};
/* End PBXVariantGroup section */

/* Begin XCBuildConfiguration section */
		87D788B21EC170C900D46674 /* Debug */ = {
			isa = XCBuildConfiguration;
			buildSettings = {
				ALWAYS_SEARCH_USER_PATHS = NO;
				CLANG_ANALYZER_NONNULL = YES;
				CLANG_ANALYZER_NUMBER_OBJECT_CONVERSION = YES_AGGRESSIVE;
				CLANG_CXX_LANGUAGE_STANDARD = "gnu++0x";
				CLANG_CXX_LIBRARY = "libc++";
				CLANG_ENABLE_MODULES = YES;
				CLANG_ENABLE_OBJC_ARC = YES;
				CLANG_WARN_BOOL_CONVERSION = YES;
				CLANG_WARN_CONSTANT_CONVERSION = YES;
				CLANG_WARN_DIRECT_OBJC_ISA_USAGE = YES_ERROR;
				CLANG_WARN_DOCUMENTATION_COMMENTS = YES;
				CLANG_WARN_EMPTY_BODY = YES;
				CLANG_WARN_ENUM_CONVERSION = YES;
				CLANG_WARN_INFINITE_RECURSION = YES;
				CLANG_WARN_INT_CONVERSION = YES;
				CLANG_WARN_OBJC_ROOT_CLASS = YES_ERROR;
				CLANG_WARN_SUSPICIOUS_MOVE = YES;
				CLANG_WARN_UNREACHABLE_CODE = YES;
				CLANG_WARN__DUPLICATE_METHOD_MATCH = YES;
				"CODE_SIGN_IDENTITY[sdk=iphoneos*]" = "iPhone Developer";
				COPY_PHASE_STRIP = NO;
				DEBUG_INFORMATION_FORMAT = dwarf;
				ENABLE_STRICT_OBJC_MSGSEND = YES;
				ENABLE_TESTABILITY = YES;
				GCC_C_LANGUAGE_STANDARD = gnu99;
				GCC_DYNAMIC_NO_PIC = NO;
				GCC_NO_COMMON_BLOCKS = YES;
				GCC_OPTIMIZATION_LEVEL = 0;
				GCC_PREPROCESSOR_DEFINITIONS = (
					"DEBUG=1",
					"$(inherited)",
				);
				GCC_WARN_64_TO_32_BIT_CONVERSION = YES;
				GCC_WARN_ABOUT_RETURN_TYPE = YES_ERROR;
				GCC_WARN_UNDECLARED_SELECTOR = YES;
				GCC_WARN_UNINITIALIZED_AUTOS = YES_AGGRESSIVE;
				GCC_WARN_UNUSED_FUNCTION = YES;
				GCC_WARN_UNUSED_VARIABLE = YES;
				IPHONEOS_DEPLOYMENT_TARGET = 10.3;
				MTL_ENABLE_DEBUG_INFO = YES;
				ONLY_ACTIVE_ARCH = YES;
				SDKROOT = iphoneos;
				SWIFT_ACTIVE_COMPILATION_CONDITIONS = DEBUG;
				SWIFT_OPTIMIZATION_LEVEL = "-Onone";
			};
			name = Debug;
		};
		87D788B31EC170C900D46674 /* Release */ = {
			isa = XCBuildConfiguration;
			buildSettings = {
				ALWAYS_SEARCH_USER_PATHS = NO;
				CLANG_ANALYZER_NONNULL = YES;
				CLANG_ANALYZER_NUMBER_OBJECT_CONVERSION = YES_AGGRESSIVE;
				CLANG_CXX_LANGUAGE_STANDARD = "gnu++0x";
				CLANG_CXX_LIBRARY = "libc++";
				CLANG_ENABLE_MODULES = YES;
				CLANG_ENABLE_OBJC_ARC = YES;
				CLANG_WARN_BOOL_CONVERSION = YES;
				CLANG_WARN_CONSTANT_CONVERSION = YES;
				CLANG_WARN_DIRECT_OBJC_ISA_USAGE = YES_ERROR;
				CLANG_WARN_DOCUMENTATION_COMMENTS = YES;
				CLANG_WARN_EMPTY_BODY = YES;
				CLANG_WARN_ENUM_CONVERSION = YES;
				CLANG_WARN_INFINITE_RECURSION = YES;
				CLANG_WARN_INT_CONVERSION = YES;
				CLANG_WARN_OBJC_ROOT_CLASS = YES_ERROR;
				CLANG_WARN_SUSPICIOUS_MOVE = YES;
				CLANG_WARN_UNREACHABLE_CODE = YES;
				CLANG_WARN__DUPLICATE_METHOD_MATCH = YES;
				"CODE_SIGN_IDENTITY[sdk=iphoneos*]" = "iPhone Developer";
				COPY_PHASE_STRIP = NO;
				DEBUG_INFORMATION_FORMAT = "dwarf-with-dsym";
				ENABLE_NS_ASSERTIONS = NO;
				ENABLE_STRICT_OBJC_MSGSEND = YES;
				GCC_C_LANGUAGE_STANDARD = gnu99;
				GCC_NO_COMMON_BLOCKS = YES;
				GCC_WARN_64_TO_32_BIT_CONVERSION = YES;
				GCC_WARN_ABOUT_RETURN_TYPE = YES_ERROR;
				GCC_WARN_UNDECLARED_SELECTOR = YES;
				GCC_WARN_UNINITIALIZED_AUTOS = YES_AGGRESSIVE;
				GCC_WARN_UNUSED_FUNCTION = YES;
				GCC_WARN_UNUSED_VARIABLE = YES;
				IPHONEOS_DEPLOYMENT_TARGET = 10.3;
				MTL_ENABLE_DEBUG_INFO = NO;
				SDKROOT = iphoneos;
				SWIFT_OPTIMIZATION_LEVEL = "-Owholemodule";
				VALIDATE_PRODUCT = YES;
			};
			name = Release;
		};
		87D788B51EC170C900D46674 /* Debug */ = {
			isa = XCBuildConfiguration;
			buildSettings = {
				ASSETCATALOG_COMPILER_APPICON_NAME = AppIcon;
				DEVELOPMENT_TEAM = H35E6P5Z94;
				INFOPLIST_FILE = AppleRssViewer/Info.plist;
				LD_RUNPATH_SEARCH_PATHS = "$(inherited) @executable_path/Frameworks";
				PRODUCT_BUNDLE_IDENTIFIER = IvanYurchenko.AppleRssViewer;
				PRODUCT_NAME = "$(TARGET_NAME)";
				SWIFT_VERSION = 3.0;
			};
			name = Debug;
		};
		87D788B61EC170C900D46674 /* Release */ = {
			isa = XCBuildConfiguration;
			buildSettings = {
				ASSETCATALOG_COMPILER_APPICON_NAME = AppIcon;
				DEVELOPMENT_TEAM = H35E6P5Z94;
				INFOPLIST_FILE = AppleRssViewer/Info.plist;
				LD_RUNPATH_SEARCH_PATHS = "$(inherited) @executable_path/Frameworks";
				PRODUCT_BUNDLE_IDENTIFIER = IvanYurchenko.AppleRssViewer;
				PRODUCT_NAME = "$(TARGET_NAME)";
				SWIFT_VERSION = 3.0;
			};
			name = Release;
		};
/* End XCBuildConfiguration section */

/* Begin XCConfigurationList section */
		87D7889D1EC170C900D46674 /* Build configuration list for PBXProject "AppleRssViewer" */ = {
			isa = XCConfigurationList;
			buildConfigurations = (
				87D788B21EC170C900D46674 /* Debug */,
				87D788B31EC170C900D46674 /* Release */,
			);
			defaultConfigurationIsVisible = 0;
			defaultConfigurationName = Release;
		};
		87D788B41EC170C900D46674 /* Build configuration list for PBXNativeTarget "AppleRssViewer" */ = {
			isa = XCConfigurationList;
			buildConfigurations = (
				87D788B51EC170C900D46674 /* Debug */,
				87D788B61EC170C900D46674 /* Release */,
			);
			defaultConfigurationIsVisible = 0;
			defaultConfigurationName = Release;
		};
/* End XCConfigurationList section */
	};
	rootObject = 87D7889A1EC170C900D46674 /* Project object */;
}
